// !$*UTF8*$!
{
	archiveVersion = 1;
	classes = {
	};
	objectVersion = 46;
	objects = {

/* Begin PBXBuildFile section */
		A9A169091CF86157000AD78F /* README.md in Sources */ = {isa = PBXBuildFile; fileRef = A9A169081CF86157000AD78F /* README.md */; };
		A9A1690B1CF861A3000AD78F /* LICENSE in Resources */ = {isa = PBXBuildFile; fileRef = A9A1690A1CF861A3000AD78F /* LICENSE */; };
		A9BCDF831CEF9CB20055EA40 /* AppDelegate.swift in Sources */ = {isa = PBXBuildFile; fileRef = A9BCDF7A1CEF9CB20055EA40 /* AppDelegate.swift */; };
		A9BCDF841CEF9CB20055EA40 /* ViewController.swift in Sources */ = {isa = PBXBuildFile; fileRef = A9BCDF7B1CEF9CB20055EA40 /* ViewController.swift */; };
		A9BCDF851CEF9CB20055EA40 /* Assets.xcassets in Resources */ = {isa = PBXBuildFile; fileRef = A9BCDF7D1CEF9CB20055EA40 /* Assets.xcassets */; };
		A9BCDF861CEF9CB20055EA40 /* Info.plist in Resources */ = {isa = PBXBuildFile; fileRef = A9BCDF7F1CEF9CB20055EA40 /* Info.plist */; };
		A9BCDF8B1CEF9FCB0055EA40 /* Main.storyboard in Resources */ = {isa = PBXBuildFile; fileRef = A9BCDF891CEF9FCB0055EA40 /* Main.storyboard */; };
/* End PBXBuildFile section */

/* Begin PBXFileReference section */
		A93D2CFC1CEF92C5001551D5 /* fsx.app */ = {isa = PBXFileReference; explicitFileType = wrapper.application; includeInIndex = 0; path = fsx.app; sourceTree = BUILT_PRODUCTS_DIR; };
		A9A169061CF84DC0000AD78F /* RemainPermissiveLicense.m */ = {isa = PBXFileReference; fileEncoding = 4; lastKnownFileType = sourcecode.c.objc; path = RemainPermissiveLicense.m; sourceTree = "<group>"; };
		A9A169081CF86157000AD78F /* README.md */ = {isa = PBXFileReference; fileEncoding = 4; lastKnownFileType = net.daringfireball.markdown; path = README.md; sourceTree = SOURCE_ROOT; };
		A9A1690A1CF861A3000AD78F /* LICENSE */ = {isa = PBXFileReference; fileEncoding = 4; lastKnownFileType = text; path = LICENSE; sourceTree = "<group>"; };
		A9BCDF7A1CEF9CB20055EA40 /* AppDelegate.swift */ = {isa = PBXFileReference; fileEncoding = 4; lastKnownFileType = sourcecode.swift; path = AppDelegate.swift; sourceTree = "<group>"; };
		A9BCDF7B1CEF9CB20055EA40 /* ViewController.swift */ = {isa = PBXFileReference; fileEncoding = 4; lastKnownFileType = sourcecode.swift; path = ViewController.swift; sourceTree = "<group>"; };
		A9BCDF7D1CEF9CB20055EA40 /* Assets.xcassets */ = {isa = PBXFileReference; lastKnownFileType = folder.assetcatalog; path = Assets.xcassets; sourceTree = "<group>"; };
		A9BCDF7F1CEF9CB20055EA40 /* Info.plist */ = {isa = PBXFileReference; fileEncoding = 4; lastKnownFileType = text.plist.xml; path = Info.plist; sourceTree = "<group>"; };
		A9BCDF8A1CEF9FCB0055EA40 /* Base */ = {isa = PBXFileReference; lastKnownFileType = file.storyboard; name = Base; path = Base.lproj/Main.storyboard; sourceTree = "<group>"; };
/* End PBXFileReference section */

/* Begin PBXFrameworksBuildPhase section */
		A93D2CF91CEF92C5001551D5 /* Frameworks */ = {
			isa = PBXFrameworksBuildPhase;
			buildActionMask = 2147483647;
			files = (
			);
			runOnlyForDeploymentPostprocessing = 0;
		};
/* End PBXFrameworksBuildPhase section */

/* Begin PBXGroup section */
		A93D2CF31CEF92C5001551D5 = {
			isa = PBXGroup;
			children = (
				A9BCDF791CEF9CB20055EA40 /* Logic */,
				A9BCDF881CEF9FCB0055EA40 /* Interface */,
				A9BCDF7C1CEF9CB20055EA40 /* Resources */,
				A9BCDF7E1CEF9CB20055EA40 /* Support */,
				A9A1690A1CF861A3000AD78F /* LICENSE */,
				A9A169081CF86157000AD78F /* README.md */,
				A93D2CFD1CEF92C5001551D5 /* Products */,
			);
			sourceTree = "<group>";
		};
		A93D2CFD1CEF92C5001551D5 /* Products */ = {
			isa = PBXGroup;
			children = (
				A93D2CFC1CEF92C5001551D5 /* fsx.app */,
			);
			name = Products;
			sourceTree = "<group>";
		};
		A9BCDF791CEF9CB20055EA40 /* Logic */ = {
			isa = PBXGroup;
			children = (
				A9BCDF7A1CEF9CB20055EA40 /* AppDelegate.swift */,
				A9BCDF7B1CEF9CB20055EA40 /* ViewController.swift */,
			);
			path = Logic;
			sourceTree = "<group>";
		};
		A9BCDF7C1CEF9CB20055EA40 /* Resources */ = {
			isa = PBXGroup;
			children = (
				A9BCDF7D1CEF9CB20055EA40 /* Assets.xcassets */,
			);
			path = Resources;
			sourceTree = "<group>";
		};
		A9BCDF7E1CEF9CB20055EA40 /* Support */ = {
			isa = PBXGroup;
			children = (
				A9A169061CF84DC0000AD78F /* RemainPermissiveLicense.m */,
				A9BCDF7F1CEF9CB20055EA40 /* Info.plist */,
			);
			path = Support;
			sourceTree = "<group>";
		};
		A9BCDF881CEF9FCB0055EA40 /* Interface */ = {
			isa = PBXGroup;
			children = (
				A9BCDF891CEF9FCB0055EA40 /* Main.storyboard */,
			);
			path = Interface;
			sourceTree = "<group>";
		};
/* End PBXGroup section */

/* Begin PBXNativeTarget section */
		A93D2CFB1CEF92C5001551D5 /* fsx */ = {
			isa = PBXNativeTarget;
			buildConfigurationList = A93D2D0B1CEF92C5001551D5 /* Build configuration list for PBXNativeTarget "fsx" */;
			buildPhases = (
				A93D2CF81CEF92C5001551D5 /* Sources */,
				A93D2CF91CEF92C5001551D5 /* Frameworks */,
				A93D2CFA1CEF92C5001551D5 /* Resources */,
			);
			buildRules = (
			);
			dependencies = (
			);
			name = fsx;
			productName = fsx;
			productReference = A93D2CFC1CEF92C5001551D5 /* fsx.app */;
			productType = "com.apple.product-type.application";
		};
/* End PBXNativeTarget section */

/* Begin PBXProject section */
		A93D2CF41CEF92C5001551D5 /* Project object */ = {
			isa = PBXProject;
			attributes = {
				LastSwiftUpdateCheck = 0730;
				LastUpgradeCheck = 0730;
				ORGANIZATIONNAME = "Antonio Marques";
				TargetAttributes = {
					A93D2CFB1CEF92C5001551D5 = {
						CreatedOnToolsVersion = 7.3;
					};
				};
			};
			buildConfigurationList = A93D2CF71CEF92C5001551D5 /* Build configuration list for PBXProject "fsx" */;
			compatibilityVersion = "Xcode 3.2";
			developmentRegion = English;
			hasScannedForEncodings = 0;
			knownRegions = (
				en,
				Base,
			);
			mainGroup = A93D2CF31CEF92C5001551D5;
			productRefGroup = A93D2CFD1CEF92C5001551D5 /* Products */;
			projectDirPath = "";
			projectRoot = "";
			targets = (
				A93D2CFB1CEF92C5001551D5 /* fsx */,
			);
		};
/* End PBXProject section */

/* Begin PBXResourcesBuildPhase section */
		A93D2CFA1CEF92C5001551D5 /* Resources */ = {
			isa = PBXResourcesBuildPhase;
			buildActionMask = 2147483647;
			files = (
				A9BCDF8B1CEF9FCB0055EA40 /* Main.storyboard in Resources */,
				A9BCDF861CEF9CB20055EA40 /* Info.plist in Resources */,
				A9A1690B1CF861A3000AD78F /* LICENSE in Resources */,
				A9BCDF851CEF9CB20055EA40 /* Assets.xcassets in Resources */,
			);
			runOnlyForDeploymentPostprocessing = 0;
		};
/* End PBXResourcesBuildPhase section */

/* Begin PBXSourcesBuildPhase section */
		A93D2CF81CEF92C5001551D5 /* Sources */ = {
			isa = PBXSourcesBuildPhase;
			buildActionMask = 2147483647;
			files = (
				A9A169091CF86157000AD78F /* README.md in Sources */,
				A9BCDF841CEF9CB20055EA40 /* ViewController.swift in Sources */,
				A9BCDF831CEF9CB20055EA40 /* AppDelegate.swift in Sources */,
			);
			runOnlyForDeploymentPostprocessing = 0;
		};
/* End PBXSourcesBuildPhase section */

/* Begin PBXVariantGroup section */
		A9BCDF891CEF9FCB0055EA40 /* Main.storyboard */ = {
			isa = PBXVariantGroup;
			children = (
				A9BCDF8A1CEF9FCB0055EA40 /* Base */,
			);
			name = Main.storyboard;
			sourceTree = "<group>";
		};
/* End PBXVariantGroup section */

/* Begin XCBuildConfiguration section */
		A93D2D091CEF92C5001551D5 /* Debug */ = {
			isa = XCBuildConfiguration;
			buildSettings = {
				ALWAYS_SEARCH_USER_PATHS = NO;
				CLANG_ANALYZER_NONNULL = YES;
				CLANG_CXX_LANGUAGE_STANDARD = "gnu++0x";
				CLANG_CXX_LIBRARY = "libc++";
				CLANG_ENABLE_MODULES = YES;
				CLANG_ENABLE_OBJC_ARC = YES;
				CLANG_WARN_BOOL_CONVERSION = YES;
				CLANG_WARN_CONSTANT_CONVERSION = YES;
				CLANG_WARN_DIRECT_OBJC_ISA_USAGE = YES_ERROR;
				CLANG_WARN_EMPTY_BODY = YES;
				CLANG_WARN_ENUM_CONVERSION = YES;
				CLANG_WARN_INT_CONVERSION = YES;
				CLANG_WARN_OBJC_ROOT_CLASS = YES_ERROR;
				CLANG_WARN_UNREACHABLE_CODE = YES;
				CLANG_WARN__DUPLICATE_METHOD_MATCH = YES;
				CODE_SIGN_IDENTITY = "-";
				COPY_PHASE_STRIP = NO;
				DEBUG_INFORMATION_FORMAT = dwarf;
				ENABLE_STRICT_OBJC_MSGSEND = YES;
				ENABLE_TESTABILITY = YES;
				GCC_C_LANGUAGE_STANDARD = gnu99;
				GCC_DYNAMIC_NO_PIC = NO;
				GCC_NO_COMMON_BLOCKS = YES;
				GCC_OPTIMIZATION_LEVEL = 0;
				GCC_PREPROCESSOR_DEFINITIONS = (
					"DEBUG=1",
					"$(inherited)",
				);
				GCC_WARN_64_TO_32_BIT_CONVERSION = YES;
				GCC_WARN_ABOUT_RETURN_TYPE = YES_ERROR;
				GCC_WARN_UNDECLARED_SELECTOR = YES;
				GCC_WARN_UNINITIALIZED_AUTOS = YES_AGGRESSIVE;
				GCC_WARN_UNUSED_FUNCTION = YES;
				GCC_WARN_UNUSED_VARIABLE = YES;
				MACOSX_DEPLOYMENT_TARGET = 10.11;
				MTL_ENABLE_DEBUG_INFO = YES;
				ONLY_ACTIVE_ARCH = YES;
				SDKROOT = macosx;
				SWIFT_OPTIMIZATION_LEVEL = "-Onone";
			};
			name = Debug;
		};
		A93D2D0A1CEF92C5001551D5 /* Release */ = {
			isa = XCBuildConfiguration;
			buildSettings = {
				ALWAYS_SEARCH_USER_PATHS = NO;
				CLANG_ANALYZER_NONNULL = YES;
				CLANG_CXX_LANGUAGE_STANDARD = "gnu++0x";
				CLANG_CXX_LIBRARY = "libc++";
				CLANG_ENABLE_MODULES = YES;
				CLANG_ENABLE_OBJC_ARC = YES;
				CLANG_WARN_BOOL_CONVERSION = YES;
				CLANG_WARN_CONSTANT_CONVERSION = YES;
				CLANG_WARN_DIRECT_OBJC_ISA_USAGE = YES_ERROR;
				CLANG_WARN_EMPTY_BODY = YES;
				CLANG_WARN_ENUM_CONVERSION = YES;
				CLANG_WARN_INT_CONVERSION = YES;
				CLANG_WARN_OBJC_ROOT_CLASS = YES_ERROR;
				CLANG_WARN_UNREACHABLE_CODE = YES;
				CLANG_WARN__DUPLICATE_METHOD_MATCH = YES;
				CODE_SIGN_IDENTITY = "-";
				COPY_PHASE_STRIP = NO;
				DEBUG_INFORMATION_FORMAT = "dwarf-with-dsym";
				ENABLE_NS_ASSERTIONS = NO;
				ENABLE_STRICT_OBJC_MSGSEND = YES;
				GCC_C_LANGUAGE_STANDARD = gnu99;
				GCC_NO_COMMON_BLOCKS = YES;
				GCC_WARN_64_TO_32_BIT_CONVERSION = YES;
				GCC_WARN_ABOUT_RETURN_TYPE = YES_ERROR;
				GCC_WARN_UNDECLARED_SELECTOR = YES;
				GCC_WARN_UNINITIALIZED_AUTOS = YES_AGGRESSIVE;
				GCC_WARN_UNUSED_FUNCTION = YES;
				GCC_WARN_UNUSED_VARIABLE = YES;
				MACOSX_DEPLOYMENT_TARGET = 10.11;
				MTL_ENABLE_DEBUG_INFO = NO;
				SDKROOT = macosx;
			};
			name = Release;
		};
		A93D2D0C1CEF92C5001551D5 /* Debug */ = {
			isa = XCBuildConfiguration;
			buildSettings = {
				ASSETCATALOG_COMPILER_APPICON_NAME = AppIcon;
				CLANG_ENABLE_MODULES = YES;
				COMBINE_HIDPI_IMAGES = YES;
				INFOPLIST_FILE = Support/Info.plist;
				LD_RUNPATH_SEARCH_PATHS = "$(inherited) @executable_path/../Frameworks";
				PRODUCT_BUNDLE_IDENTIFIER = am.fsx;
				PRODUCT_NAME = "$(TARGET_NAME)";
				SWIFT_OPTIMIZATION_LEVEL = "-Onone";
			};
			name = Debug;
		};
		A93D2D0D1CEF92C5001551D5 /* Release */ = {
			isa = XCBuildConfiguration;
			buildSettings = {
				ASSETCATALOG_COMPILER_APPICON_NAME = AppIcon;
				CLANG_ENABLE_MODULES = YES;
				COMBINE_HIDPI_IMAGES = YES;
				INFOPLIST_FILE = Support/Info.plist;
				LD_RUNPATH_SEARCH_PATHS = "$(inherited) @executable_path/../Frameworks";
				PRODUCT_BUNDLE_IDENTIFIER = am.fsx;
				PRODUCT_NAME = "$(TARGET_NAME)";
			};
			name = Release;
		};
/* End XCBuildConfiguration section */

/* Begin XCConfigurationList section */
		A93D2CF71CEF92C5001551D5 /* Build configuration list for PBXProject "fsx" */ = {
			isa = XCConfigurationList;
			buildConfigurations = (
				A93D2D091CEF92C5001551D5 /* Debug */,
				A93D2D0A1CEF92C5001551D5 /* Release */,
			);
			defaultConfigurationIsVisible = 0;
			defaultConfigurationName = Release;
		};
		A93D2D0B1CEF92C5001551D5 /* Build configuration list for PBXNativeTarget "fsx" */ = {
			isa = XCConfigurationList;
			buildConfigurations = (
				A93D2D0C1CEF92C5001551D5 /* Debug */,
				A93D2D0D1CEF92C5001551D5 /* Release */,
			);
			defaultConfigurationIsVisible = 0;
			defaultConfigurationName = Release;
		};
/* End XCConfigurationList section */
	};
	rootObject = A93D2CF41CEF92C5001551D5 /* Project object */;
}
